
Microsoft Visual Studio Solution File, Format Version 12.00
# Visual Studio Version 16
VisualStudioVersion = 16.0.29123.88
MinimumVisualStudioVersion = 10.0.40219.1
Project("{FAE04EC0-301F-11D3-BF4B-00C04F79EFBC}") = "SalaryBonus", "SalaryBonus\SalaryBonus.csproj", "{497C961F-B31C-4DC5-8760-E497EA9D7EC4}"
EndProject
Global
	GlobalSection(SolutionConfigurationPlatforms) = preSolution
		Debug|Any CPU = Debug|Any CPU
		Release|Any CPU = Release|Any CPU
	EndGlobalSection
	GlobalSection(ProjectConfigurationPlatforms) = postSolution
		{497C961F-B31C-4DC5-8760-E497EA9D7EC4}.Debug|Any CPU.ActiveCfg = Debug|Any CPU
		{497C961F-B31C-4DC5-8760-E497EA9D7EC4}.Debug|Any CPU.Build.0 = Debug|Any CPU
		{497C961F-B31C-4DC5-8760-E497EA9D7EC4}.Release|Any CPU.ActiveCfg = Release|Any CPU
		{497C961F-B31C-4DC5-8760-E497EA9D7EC4}.Release|Any CPU.Build.0 = Release|Any CPU
	EndGlobalSection
	GlobalSection(SolutionProperties) = preSolution
		HideSolutionNode = FALSE
	EndGlobalSection
	GlobalSection(ExtensibilityGlobals) = postSolution
		SolutionGuid = {ED0C07A1-1587-446C-9876-C8EA097749CE}
	EndGlobalSection
EndGlobal
