
Microsoft Visual Studio Solution File, Format Version 12.00
# Visual Studio Version 16
VisualStudioVersion = 16.0.29215.179
MinimumVisualStudioVersion = 10.0.40219.1
Project("{E24C65DC-7377-472B-9ABA-BC803B73C61A}") = "Q3ShoppingCart", "Q3ShoppingCart\", "{8695C7E5-072B-4D92-AE31-02EB6BF50C40}"
	ProjectSection(WebsiteProperties) = preProject
		TargetFrameworkMoniker = ".NETFramework,Version%3Dv4.7.2"
		Debug.AspNetCompiler.VirtualPath = "/localhost_50240"
		Debug.AspNetCompiler.PhysicalPath = "Q3ShoppingCart\"
		Debug.AspNetCompiler.TargetPath = "PrecompiledWeb\localhost_50240\"
		Debug.AspNetCompiler.Updateable = "true"
		Debug.AspNetCompiler.ForceOverwrite = "true"
		Debug.AspNetCompiler.FixedNames = "false"
		Debug.AspNetCompiler.Debug = "True"
		Release.AspNetCompiler.VirtualPath = "/localhost_50240"
		Release.AspNetCompiler.PhysicalPath = "Q3ShoppingCart\"
		Release.AspNetCompiler.TargetPath = "PrecompiledWeb\localhost_50240\"
		Release.AspNetCompiler.Updateable = "true"
		Release.AspNetCompiler.ForceOverwrite = "true"
		Release.AspNetCompiler.FixedNames = "false"
		Release.AspNetCompiler.Debug = "False"
		VWDPort = "50240"
		SlnRelativePath = "Q3ShoppingCart\"
		DefaultWebSiteLanguage = "Visual C#"
	EndProjectSection
EndProject
Global
	GlobalSection(SolutionConfigurationPlatforms) = preSolution
		Debug|Any CPU = Debug|Any CPU
	EndGlobalSection
	GlobalSection(ProjectConfigurationPlatforms) = postSolution
		{8695C7E5-072B-4D92-AE31-02EB6BF50C40}.Debug|Any CPU.ActiveCfg = Debug|Any CPU
		{8695C7E5-072B-4D92-AE31-02EB6BF50C40}.Debug|Any CPU.Build.0 = Debug|Any CPU
	EndGlobalSection
	GlobalSection(SolutionProperties) = preSolution
		HideSolutionNode = FALSE
	EndGlobalSection
	GlobalSection(ExtensibilityGlobals) = postSolution
		SolutionGuid = {034092C6-E939-4D26-B31A-DFE0CF1B579A}
	EndGlobalSection
EndGlobal
