
Microsoft Visual Studio Solution File, Format Version 12.00
# Visual Studio Version 16
VisualStudioVersion = 16.0.29123.88
MinimumVisualStudioVersion = 10.0.40219.1
Project("{FAE04EC0-301F-11D3-BF4B-00C04F79EFBC}") = "ArithOps", "ArithOps.csproj", "{0E4A488A-B90F-4002-B0DF-5716292D9923}"
EndProject
Global
	GlobalSection(SolutionConfigurationPlatforms) = preSolution
		Debug|Any CPU = Debug|Any CPU
		Release|Any CPU = Release|Any CPU
	EndGlobalSection
	GlobalSection(ProjectConfigurationPlatforms) = postSolution
		{0E4A488A-B90F-4002-B0DF-5716292D9923}.Debug|Any CPU.ActiveCfg = Debug|Any CPU
		{0E4A488A-B90F-4002-B0DF-5716292D9923}.Debug|Any CPU.Build.0 = Debug|Any CPU
		{0E4A488A-B90F-4002-B0DF-5716292D9923}.Release|Any CPU.ActiveCfg = Release|Any CPU
		{0E4A488A-B90F-4002-B0DF-5716292D9923}.Release|Any CPU.Build.0 = Release|Any CPU
	EndGlobalSection
	GlobalSection(SolutionProperties) = preSolution
		HideSolutionNode = FALSE
	EndGlobalSection
	GlobalSection(ExtensibilityGlobals) = postSolution
		SolutionGuid = {A2C2955B-7D73-45F7-A221-4AE85DFB8DDD}
	EndGlobalSection
EndGlobal
